
Microsoft Visual Studio Solution File, Format Version 12.00
# Visual Studio Version 17
VisualStudioVersion = 17.5.002.0
MinimumVisualStudioVersion = 10.0.40219.1
Project("{9A19103F-16F7-4668-BE54-9A1E7A4F7556}") = "Quadrante-", "Quadrante-.csproj", "{8F70966B-DF54-4FE3-94D2-407B6F568640}"
EndProject
Global
	GlobalSection(SolutionConfigurationPlatforms) = preSolution
		Debug|Any CPU = Debug|Any CPU
		Release|Any CPU = Release|Any CPU
	EndGlobalSection
	GlobalSection(ProjectConfigurationPlatforms) = postSolution
		{8F70966B-DF54-4FE3-94D2-407B6F568640}.Debug|Any CPU.ActiveCfg = Debug|Any CPU
		{8F70966B-DF54-4FE3-94D2-407B6F568640}.Debug|Any CPU.Build.0 = Debug|Any CPU
		{8F70966B-DF54-4FE3-94D2-407B6F568640}.Release|Any CPU.ActiveCfg = Release|Any CPU
		{8F70966B-DF54-4FE3-94D2-407B6F568640}.Release|Any CPU.Build.0 = Release|Any CPU
	EndGlobalSection
	GlobalSection(SolutionProperties) = preSolution
		HideSolutionNode = FALSE
	EndGlobalSection
	GlobalSection(ExtensibilityGlobals) = postSolution
		SolutionGuid = {72B64AD3-EA7E-4BDF-8F9C-BBED01B24EE9}
	EndGlobalSection
EndGlobal
